
Microsoft Visual Studio Solution File, Format Version 12.00
# Visual Studio Version 17
VisualStudioVersion = 17.13.35825.156
MinimumVisualStudioVersion = 10.0.40219.1
Project("{FAE04EC0-301F-11D3-BF4B-00C04F79EFBC}") = "AcessoDados", "AcessoDados\AcessoDados.csproj", "{D3D2B013-5BB7-4C60-A196-23A4C3C7E338}"
EndProject
Project("{FAE04EC0-301F-11D3-BF4B-00C04F79EFBC}") = "HelpDesk.Desktop", "HelpDesk.Desktop\HelpDesk.Desktop.csproj", "{3DE11B13-30C3-447F-9707-674D942B9F06}"
EndProject
Project("{FAE04EC0-301F-11D3-BF4B-00C04F79EFBC}") = "HelpDesk.Web", "HelpDesk.Web\HelpDesk.Web.csproj", "{051D702C-2597-4D64-9C02-AB09F33FB76F}"
EndProject
Global
	GlobalSection(SolutionConfigurationPlatforms) = preSolution
		Debug|Any CPU = Debug|Any CPU
		Release|Any CPU = Release|Any CPU
	EndGlobalSection
	GlobalSection(ProjectConfigurationPlatforms) = postSolution
		{D3D2B013-5BB7-4C60-A196-23A4C3C7E338}.Debug|Any CPU.ActiveCfg = Debug|Any CPU
		{D3D2B013-5BB7-4C60-A196-23A4C3C7E338}.Debug|Any CPU.Build.0 = Debug|Any CPU
		{D3D2B013-5BB7-4C60-A196-23A4C3C7E338}.Release|Any CPU.ActiveCfg = Release|Any CPU
		{D3D2B013-5BB7-4C60-A196-23A4C3C7E338}.Release|Any CPU.Build.0 = Release|Any CPU
		{3DE11B13-30C3-447F-9707-674D942B9F06}.Debug|Any CPU.ActiveCfg = Debug|Any CPU
		{3DE11B13-30C3-447F-9707-674D942B9F06}.Debug|Any CPU.Build.0 = Debug|Any CPU
		{3DE11B13-30C3-447F-9707-674D942B9F06}.Release|Any CPU.ActiveCfg = Release|Any CPU
		{3DE11B13-30C3-447F-9707-674D942B9F06}.Release|Any CPU.Build.0 = Release|Any CPU
		{051D702C-2597-4D64-9C02-AB09F33FB76F}.Debug|Any CPU.ActiveCfg = Debug|Any CPU
		{051D702C-2597-4D64-9C02-AB09F33FB76F}.Debug|Any CPU.Build.0 = Debug|Any CPU
		{051D702C-2597-4D64-9C02-AB09F33FB76F}.Release|Any CPU.ActiveCfg = Release|Any CPU
		{051D702C-2597-4D64-9C02-AB09F33FB76F}.Release|Any CPU.Build.0 = Release|Any CPU
	EndGlobalSection
	GlobalSection(SolutionProperties) = preSolution
		HideSolutionNode = FALSE
	EndGlobalSection
	GlobalSection(ExtensibilityGlobals) = postSolution
		SolutionGuid = {9FEE68FC-EC2D-4885-8045-BAF8255DA1F4}
	EndGlobalSection
EndGlobal
